// !$*UTF8*$!
{
	archiveVersion = 1;
	classes = {
	};
	objectVersion = 56;
	objects = {

/* Begin PBXBuildFile section */
		5725760F2A514C820099BE23 /* AppDelegate.swift in Sources */ = {isa = PBXBuildFile; fileRef = 5725760E2A514C820099BE23 /* AppDelegate.swift */; };
		572576112A514C820099BE23 /* SceneDelegate.swift in Sources */ = {isa = PBXBuildFile; fileRef = 572576102A514C820099BE23 /* SceneDelegate.swift */; };
		572576182A514C830099BE23 /* Assets.xcassets in Resources */ = {isa = PBXBuildFile; fileRef = 572576172A514C830099BE23 /* Assets.xcassets */; };
		5725761B2A514C830099BE23 /* LaunchScreen.storyboard in Resources */ = {isa = PBXBuildFile; fileRef = 572576192A514C830099BE23 /* LaunchScreen.storyboard */; };
		5725762A2A5153FC0099BE23 /* HTTPMethod.swift in Sources */ = {isa = PBXBuildFile; fileRef = 572576292A5153FC0099BE23 /* HTTPMethod.swift */; };
		5725762C2A52843C0099BE23 /* Endpoint.swift in Sources */ = {isa = PBXBuildFile; fileRef = 5725762B2A52843C0099BE23 /* Endpoint.swift */; };
		5725762E2A528C1E0099BE23 /* RequestService.swift in Sources */ = {isa = PBXBuildFile; fileRef = 5725762D2A528C1E0099BE23 /* RequestService.swift */; };
		572576322A5299E50099BE23 /* NetworkService.swift in Sources */ = {isa = PBXBuildFile; fileRef = 572576312A5299E50099BE23 /* NetworkService.swift */; };
		572576732A52A28B0099BE23 /* NetworkServiceTests.swift in Sources */ = {isa = PBXBuildFile; fileRef = 572576722A52A28B0099BE23 /* NetworkServiceTests.swift */; };
		572576762A52A2C90099BE23 /* NetworkError+Equatable.swift in Sources */ = {isa = PBXBuildFile; fileRef = 572576752A52A2C90099BE23 /* NetworkError+Equatable.swift */; };
		5725767A2A52A2F50099BE23 /* StubEndpoint.swift in Sources */ = {isa = PBXBuildFile; fileRef = 572576792A52A2F50099BE23 /* StubEndpoint.swift */; };
		5725767C2A52A3240099BE23 /* MockRequestService.swift in Sources */ = {isa = PBXBuildFile; fileRef = 5725767B2A52A3240099BE23 /* MockRequestService.swift */; };
		572576832A52ACB10099BE23 /* DataTransferService.swift in Sources */ = {isa = PBXBuildFile; fileRef = 572576822A52ACB10099BE23 /* DataTransferService.swift */; };
		572576862A52AF210099BE23 /* DataTransferError+Equatable.swift in Sources */ = {isa = PBXBuildFile; fileRef = 572576852A52AF210099BE23 /* DataTransferError+Equatable.swift */; };
		572576882A52AFA40099BE23 /* DataTransferServiceTests.swift in Sources */ = {isa = PBXBuildFile; fileRef = 572576872A52AFA40099BE23 /* DataTransferServiceTests.swift */; };
		572576902A52C65C0099BE23 /* AppStoreAPIEndpoint.swift in Sources */ = {isa = PBXBuildFile; fileRef = 5725768F2A52C65C0099BE23 /* AppStoreAPIEndpoint.swift */; };
		572576922A52C71C0099BE23 /* LookUpEndpoint.swift in Sources */ = {isa = PBXBuildFile; fileRef = 572576912A52C71C0099BE23 /* LookUpEndpoint.swift */; };
		572576952A52C7540099BE23 /* ResponseDTO.swift in Sources */ = {isa = PBXBuildFile; fileRef = 572576942A52C7540099BE23 /* ResponseDTO.swift */; };
		572576992A52C8800099BE23 /* SearchEndpoint.swift in Sources */ = {isa = PBXBuildFile; fileRef = 572576982A52C8800099BE23 /* SearchEndpoint.swift */; };
		5725769B2A52C8A90099BE23 /* SearchRequestDTO.swift in Sources */ = {isa = PBXBuildFile; fileRef = 5725769A2A52C8A90099BE23 /* SearchRequestDTO.swift */; };
		572576A42A52D0DD0099BE23 /* RootTabBarController.swift in Sources */ = {isa = PBXBuildFile; fileRef = 572576A32A52D0DD0099BE23 /* RootTabBarController.swift */; };
		572576A72A52D2160099BE23 /* TodayViewController.swift in Sources */ = {isa = PBXBuildFile; fileRef = 572576A62A52D2160099BE23 /* TodayViewController.swift */; };
		572576AB2A52D3590099BE23 /* TodayViewModel.swift in Sources */ = {isa = PBXBuildFile; fileRef = 572576AA2A52D3590099BE23 /* TodayViewModel.swift */; };
		572576AD2A52D3890099BE23 /* TodayItem.swift in Sources */ = {isa = PBXBuildFile; fileRef = 572576AC2A52D3890099BE23 /* TodayItem.swift */; };
		572576B22A52D44B0099BE23 /* App.swift in Sources */ = {isa = PBXBuildFile; fileRef = 572576B12A52D44B0099BE23 /* App.swift */; };
		572576B42A52D4840099BE23 /* AppRepository.swift in Sources */ = {isa = PBXBuildFile; fileRef = 572576B32A52D4840099BE23 /* AppRepository.swift */; };
		572576B62A52D5170099BE23 /* AppsPage.swift in Sources */ = {isa = PBXBuildFile; fileRef = 572576B52A52D5170099BE23 /* AppsPage.swift */; };
		572576BC2A52DC0A0099BE23 /* DefaultAppRepository.swift in Sources */ = {isa = PBXBuildFile; fileRef = 572576BB2A52DC0A0099BE23 /* DefaultAppRepository.swift */; };
		57788BDC2A52EE080031C5F2 /* AppRepositoryTests.swift in Sources */ = {isa = PBXBuildFile; fileRef = 57788BDB2A52EE080031C5F2 /* AppRepositoryTests.swift */; };
		57788BDE2A52F10D0031C5F2 /* MockFailureNetworkService.swift in Sources */ = {isa = PBXBuildFile; fileRef = 57788BDD2A52F10D0031C5F2 /* MockFailureNetworkService.swift */; };
		57788BE02A52F1340031C5F2 /* MockSuccessNetworkService.swift in Sources */ = {isa = PBXBuildFile; fileRef = 57788BDF2A52F1340031C5F2 /* MockSuccessNetworkService.swift */; };
		57788BE42A52F5CC0031C5F2 /* App+Equatable.swift in Sources */ = {isa = PBXBuildFile; fileRef = 57788BE32A52F5CC0031C5F2 /* App+Equatable.swift */; };
		57788BE82A531EC80031C5F2 /* AppsPage+Equatable.swift in Sources */ = {isa = PBXBuildFile; fileRef = 57788BE72A531EC80031C5F2 /* AppsPage+Equatable.swift */; };
		57788BEB2A53247B0031C5F2 /* MockSuccessDataTransferService.swift in Sources */ = {isa = PBXBuildFile; fileRef = 57788BEA2A53247B0031C5F2 /* MockSuccessDataTransferService.swift */; };
		57788BED2A53249B0031C5F2 /* MockFailureDataTransferService.swift in Sources */ = {isa = PBXBuildFile; fileRef = 57788BEC2A53249B0031C5F2 /* MockFailureDataTransferService.swift */; };
		57788BF92A53F4CC0031C5F2 /* SearchAppUseCase.swift in Sources */ = {isa = PBXBuildFile; fileRef = 57788BF82A53F4CC0031C5F2 /* SearchAppUseCase.swift */; };
		57788BFC2A5401950031C5F2 /* SearchAppUseCaseTests.swift in Sources */ = {isa = PBXBuildFile; fileRef = 57788BFB2A5401950031C5F2 /* SearchAppUseCaseTests.swift */; };
		57788BFF2A5402400031C5F2 /* MockSuccessAppRepository.swift in Sources */ = {isa = PBXBuildFile; fileRef = 57788BFE2A5402400031C5F2 /* MockSuccessAppRepository.swift */; };
		57788C012A5404510031C5F2 /* MockFailureAppRepository.swift in Sources */ = {isa = PBXBuildFile; fileRef = 57788C002A5404510031C5F2 /* MockFailureAppRepository.swift */; };
		57788C0E2A5525610031C5F2 /* ImageManager.swift in Sources */ = {isa = PBXBuildFile; fileRef = 57788C0D2A5525610031C5F2 /* ImageManager.swift */; };
		57788C162A5592D00031C5F2 /* TodayViewModelTests.swift in Sources */ = {isa = PBXBuildFile; fileRef = 57788C152A5592D00031C5F2 /* TodayViewModelTests.swift */; };
		57788C2C2A5965140031C5F2 /* Section.swift in Sources */ = {isa = PBXBuildFile; fileRef = 57788C2B2A5965140031C5F2 /* Section.swift */; };
/* End PBXBuildFile section */

/* Begin PBXContainerItemProxy section */
		5725766A2A52A25E0099BE23 /* PBXContainerItemProxy */ = {
			isa = PBXContainerItemProxy;
			containerPortal = 572576032A514C820099BE23 /* Project object */;
			proxyType = 1;
			remoteGlobalIDString = 5725760A2A514C820099BE23;
			remoteInfo = AppStore;
		};
/* End PBXContainerItemProxy section */

/* Begin PBXFileReference section */
		5725760B2A514C820099BE23 /* AppStore.app */ = {isa = PBXFileReference; explicitFileType = wrapper.application; includeInIndex = 0; path = AppStore.app; sourceTree = BUILT_PRODUCTS_DIR; };
		5725760E2A514C820099BE23 /* AppDelegate.swift */ = {isa = PBXFileReference; lastKnownFileType = sourcecode.swift; path = AppDelegate.swift; sourceTree = "<group>"; };
		572576102A514C820099BE23 /* SceneDelegate.swift */ = {isa = PBXFileReference; lastKnownFileType = sourcecode.swift; path = SceneDelegate.swift; sourceTree = "<group>"; };
		572576172A514C830099BE23 /* Assets.xcassets */ = {isa = PBXFileReference; lastKnownFileType = folder.assetcatalog; path = Assets.xcassets; sourceTree = "<group>"; };
		5725761A2A514C830099BE23 /* Base */ = {isa = PBXFileReference; lastKnownFileType = file.storyboard; name = Base; path = Base.lproj/LaunchScreen.storyboard; sourceTree = "<group>"; };
		5725761C2A514C830099BE23 /* Info.plist */ = {isa = PBXFileReference; lastKnownFileType = text.plist.xml; path = Info.plist; sourceTree = "<group>"; };
		572576292A5153FC0099BE23 /* HTTPMethod.swift */ = {isa = PBXFileReference; lastKnownFileType = sourcecode.swift; path = HTTPMethod.swift; sourceTree = "<group>"; };
		5725762B2A52843C0099BE23 /* Endpoint.swift */ = {isa = PBXFileReference; lastKnownFileType = sourcecode.swift; path = Endpoint.swift; sourceTree = "<group>"; };
		5725762D2A528C1E0099BE23 /* RequestService.swift */ = {isa = PBXFileReference; lastKnownFileType = sourcecode.swift; path = RequestService.swift; sourceTree = "<group>"; };
		572576312A5299E50099BE23 /* NetworkService.swift */ = {isa = PBXFileReference; lastKnownFileType = sourcecode.swift; path = NetworkService.swift; sourceTree = "<group>"; };
		572576662A52A25E0099BE23 /* AppStoreTests.xctest */ = {isa = PBXFileReference; explicitFileType = wrapper.cfbundle; includeInIndex = 0; path = AppStoreTests.xctest; sourceTree = BUILT_PRODUCTS_DIR; };
		572576722A52A28B0099BE23 /* NetworkServiceTests.swift */ = {isa = PBXFileReference; lastKnownFileType = sourcecode.swift; path = NetworkServiceTests.swift; sourceTree = "<group>"; };
		572576752A52A2C90099BE23 /* NetworkError+Equatable.swift */ = {isa = PBXFileReference; lastKnownFileType = sourcecode.swift; path = "NetworkError+Equatable.swift"; sourceTree = "<group>"; };
		572576792A52A2F50099BE23 /* StubEndpoint.swift */ = {isa = PBXFileReference; lastKnownFileType = sourcecode.swift; path = StubEndpoint.swift; sourceTree = "<group>"; };
		5725767B2A52A3240099BE23 /* MockRequestService.swift */ = {isa = PBXFileReference; lastKnownFileType = sourcecode.swift; path = MockRequestService.swift; sourceTree = "<group>"; };
		572576822A52ACB10099BE23 /* DataTransferService.swift */ = {isa = PBXFileReference; lastKnownFileType = sourcecode.swift; path = DataTransferService.swift; sourceTree = "<group>"; };
		572576852A52AF210099BE23 /* DataTransferError+Equatable.swift */ = {isa = PBXFileReference; lastKnownFileType = sourcecode.swift; path = "DataTransferError+Equatable.swift"; sourceTree = "<group>"; };
		572576872A52AFA40099BE23 /* DataTransferServiceTests.swift */ = {isa = PBXFileReference; lastKnownFileType = sourcecode.swift; path = DataTransferServiceTests.swift; sourceTree = "<group>"; };
		5725768F2A52C65C0099BE23 /* AppStoreAPIEndpoint.swift */ = {isa = PBXFileReference; lastKnownFileType = sourcecode.swift; path = AppStoreAPIEndpoint.swift; sourceTree = "<group>"; };
		572576912A52C71C0099BE23 /* LookUpEndpoint.swift */ = {isa = PBXFileReference; lastKnownFileType = sourcecode.swift; path = LookUpEndpoint.swift; sourceTree = "<group>"; };
		572576942A52C7540099BE23 /* ResponseDTO.swift */ = {isa = PBXFileReference; lastKnownFileType = sourcecode.swift; path = ResponseDTO.swift; sourceTree = "<group>"; };
		572576982A52C8800099BE23 /* SearchEndpoint.swift */ = {isa = PBXFileReference; lastKnownFileType = sourcecode.swift; path = SearchEndpoint.swift; sourceTree = "<group>"; };
		5725769A2A52C8A90099BE23 /* SearchRequestDTO.swift */ = {isa = PBXFileReference; lastKnownFileType = sourcecode.swift; path = SearchRequestDTO.swift; sourceTree = "<group>"; };
		572576A32A52D0DD0099BE23 /* RootTabBarController.swift */ = {isa = PBXFileReference; lastKnownFileType = sourcecode.swift; path = RootTabBarController.swift; sourceTree = "<group>"; };
		572576A62A52D2160099BE23 /* TodayViewController.swift */ = {isa = PBXFileReference; lastKnownFileType = sourcecode.swift; path = TodayViewController.swift; sourceTree = "<group>"; };
		572576AA2A52D3590099BE23 /* TodayViewModel.swift */ = {isa = PBXFileReference; lastKnownFileType = sourcecode.swift; path = TodayViewModel.swift; sourceTree = "<group>"; };
		572576AC2A52D3890099BE23 /* TodayItem.swift */ = {isa = PBXFileReference; lastKnownFileType = sourcecode.swift; path = TodayItem.swift; sourceTree = "<group>"; };
		572576B12A52D44B0099BE23 /* App.swift */ = {isa = PBXFileReference; lastKnownFileType = sourcecode.swift; path = App.swift; sourceTree = "<group>"; };
		572576B32A52D4840099BE23 /* AppRepository.swift */ = {isa = PBXFileReference; lastKnownFileType = sourcecode.swift; path = AppRepository.swift; sourceTree = "<group>"; };
		572576B52A52D5170099BE23 /* AppsPage.swift */ = {isa = PBXFileReference; lastKnownFileType = sourcecode.swift; path = AppsPage.swift; sourceTree = "<group>"; };
		572576BB2A52DC0A0099BE23 /* DefaultAppRepository.swift */ = {isa = PBXFileReference; lastKnownFileType = sourcecode.swift; path = DefaultAppRepository.swift; sourceTree = "<group>"; };
		57788BDB2A52EE080031C5F2 /* AppRepositoryTests.swift */ = {isa = PBXFileReference; lastKnownFileType = sourcecode.swift; path = AppRepositoryTests.swift; sourceTree = "<group>"; };
		57788BDD2A52F10D0031C5F2 /* MockFailureNetworkService.swift */ = {isa = PBXFileReference; lastKnownFileType = sourcecode.swift; path = MockFailureNetworkService.swift; sourceTree = "<group>"; };
		57788BDF2A52F1340031C5F2 /* MockSuccessNetworkService.swift */ = {isa = PBXFileReference; lastKnownFileType = sourcecode.swift; path = MockSuccessNetworkService.swift; sourceTree = "<group>"; };
		57788BE32A52F5CC0031C5F2 /* App+Equatable.swift */ = {isa = PBXFileReference; lastKnownFileType = sourcecode.swift; path = "App+Equatable.swift"; sourceTree = "<group>"; };
		57788BE72A531EC80031C5F2 /* AppsPage+Equatable.swift */ = {isa = PBXFileReference; lastKnownFileType = sourcecode.swift; path = "AppsPage+Equatable.swift"; sourceTree = "<group>"; };
		57788BEA2A53247B0031C5F2 /* MockSuccessDataTransferService.swift */ = {isa = PBXFileReference; lastKnownFileType = sourcecode.swift; path = MockSuccessDataTransferService.swift; sourceTree = "<group>"; };
		57788BEC2A53249B0031C5F2 /* MockFailureDataTransferService.swift */ = {isa = PBXFileReference; lastKnownFileType = sourcecode.swift; path = MockFailureDataTransferService.swift; sourceTree = "<group>"; };
		57788BF82A53F4CC0031C5F2 /* SearchAppUseCase.swift */ = {isa = PBXFileReference; lastKnownFileType = sourcecode.swift; path = SearchAppUseCase.swift; sourceTree = "<group>"; };
		57788BFB2A5401950031C5F2 /* SearchAppUseCaseTests.swift */ = {isa = PBXFileReference; lastKnownFileType = sourcecode.swift; path = SearchAppUseCaseTests.swift; sourceTree = "<group>"; };
		57788BFE2A5402400031C5F2 /* MockSuccessAppRepository.swift */ = {isa = PBXFileReference; lastKnownFileType = sourcecode.swift; path = MockSuccessAppRepository.swift; sourceTree = "<group>"; };
		57788C002A5404510031C5F2 /* MockFailureAppRepository.swift */ = {isa = PBXFileReference; lastKnownFileType = sourcecode.swift; path = MockFailureAppRepository.swift; sourceTree = "<group>"; };
		57788C0D2A5525610031C5F2 /* ImageManager.swift */ = {isa = PBXFileReference; lastKnownFileType = sourcecode.swift; path = ImageManager.swift; sourceTree = "<group>"; };
		57788C152A5592D00031C5F2 /* TodayViewModelTests.swift */ = {isa = PBXFileReference; lastKnownFileType = sourcecode.swift; path = TodayViewModelTests.swift; sourceTree = "<group>"; };
		57788C2B2A5965140031C5F2 /* Section.swift */ = {isa = PBXFileReference; lastKnownFileType = sourcecode.swift; path = Section.swift; sourceTree = "<group>"; };
/* End PBXFileReference section */

/* Begin PBXFrameworksBuildPhase section */
		572576082A514C820099BE23 /* Frameworks */ = {
			isa = PBXFrameworksBuildPhase;
			buildActionMask = 2147483647;
			files = (
			);
			runOnlyForDeploymentPostprocessing = 0;
		};
		572576632A52A25E0099BE23 /* Frameworks */ = {
			isa = PBXFrameworksBuildPhase;
			buildActionMask = 2147483647;
			files = (
			);
			runOnlyForDeploymentPostprocessing = 0;
		};
/* End PBXFrameworksBuildPhase section */

/* Begin PBXGroup section */
		572576022A514C820099BE23 = {
			isa = PBXGroup;
			children = (
				5725760D2A514C820099BE23 /* AppStore */,
				572576672A52A25E0099BE23 /* AppStoreTests */,
				5725760C2A514C820099BE23 /* Products */,
			);
			sourceTree = "<group>";
		};
		5725760C2A514C820099BE23 /* Products */ = {
			isa = PBXGroup;
			children = (
				5725760B2A514C820099BE23 /* AppStore.app */,
				572576662A52A25E0099BE23 /* AppStoreTests.xctest */,
			);
			name = Products;
			sourceTree = "<group>";
		};
		5725760D2A514C820099BE23 /* AppStore */ = {
			isa = PBXGroup;
			children = (
				57788C0C2A5525480031C5F2 /* Utility */,
				572576A02A52CFA90099BE23 /* Presentation */,
				5725769F2A52CFA50099BE23 /* Domain */,
				572576272A51537C0099BE23 /* Data */,
				5725760E2A514C820099BE23 /* AppDelegate.swift */,
				572576102A514C820099BE23 /* SceneDelegate.swift */,
				572576172A514C830099BE23 /* Assets.xcassets */,
				572576192A514C830099BE23 /* LaunchScreen.storyboard */,
				5725761C2A514C830099BE23 /* Info.plist */,
			);
			path = AppStore;
			sourceTree = "<group>";
		};
		572576272A51537C0099BE23 /* Data */ = {
			isa = PBXGroup;
			children = (
				572576BA2A52DBC60099BE23 /* Repository */,
				572576282A51537F0099BE23 /* Network */,
			);
			path = Data;
			sourceTree = "<group>";
		};
		572576282A51537F0099BE23 /* Network */ = {
			isa = PBXGroup;
			children = (
				572576942A52C7540099BE23 /* ResponseDTO.swift */,
				5725769A2A52C8A90099BE23 /* SearchRequestDTO.swift */,
				5725768C2A52C5F30099BE23 /* Endpoint */,
				5725768B2A52C5E90099BE23 /* Infrastructure */,
			);
			path = Network;
			sourceTree = "<group>";
		};
		572576672A52A25E0099BE23 /* AppStoreTests */ = {
			isa = PBXGroup;
			children = (
				57788C132A5592C00031C5F2 /* Presentation */,
				57788BFA2A5401860031C5F2 /* Domain */,
				572576742A52A2B90099BE23 /* Extension */,
				572576702A52A27C0099BE23 /* Data */,
				5725766F2A52A2620099BE23 /* TestDouble */,
			);
			path = AppStoreTests;
			sourceTree = "<group>";
		};
		5725766F2A52A2620099BE23 /* TestDouble */ = {
			isa = PBXGroup;
			children = (
				572576782A52A2EE0099BE23 /* Mock */,
				572576772A52A2EA0099BE23 /* Stub */,
			);
			path = TestDouble;
			sourceTree = "<group>";
		};
		572576702A52A27C0099BE23 /* Data */ = {
			isa = PBXGroup;
			children = (
				57788BDA2A52EDF30031C5F2 /* Repository */,
				572576712A52A27F0099BE23 /* Network */,
			);
			path = Data;
			sourceTree = "<group>";
		};
		572576712A52A27F0099BE23 /* Network */ = {
			isa = PBXGroup;
			children = (
				572576722A52A28B0099BE23 /* NetworkServiceTests.swift */,
				572576872A52AFA40099BE23 /* DataTransferServiceTests.swift */,
			);
			path = Network;
			sourceTree = "<group>";
		};
		572576742A52A2B90099BE23 /* Extension */ = {
			isa = PBXGroup;
			children = (
				572576752A52A2C90099BE23 /* NetworkError+Equatable.swift */,
				572576852A52AF210099BE23 /* DataTransferError+Equatable.swift */,
				57788BE32A52F5CC0031C5F2 /* App+Equatable.swift */,
				57788BE72A531EC80031C5F2 /* AppsPage+Equatable.swift */,
			);
			path = Extension;
			sourceTree = "<group>";
		};
		572576772A52A2EA0099BE23 /* Stub */ = {
			isa = PBXGroup;
			children = (
				572576792A52A2F50099BE23 /* StubEndpoint.swift */,
			);
			path = Stub;
			sourceTree = "<group>";
		};
		572576782A52A2EE0099BE23 /* Mock */ = {
			isa = PBXGroup;
			children = (
				57788BFD2A54022F0031C5F2 /* Repository */,
				57788BE92A53246E0031C5F2 /* DataTransferService */,
				57788BE22A52F2FD0031C5F2 /* NetworkService */,
				57788BE12A52F2F60031C5F2 /* RequestService */,
			);
			path = Mock;
			sourceTree = "<group>";
		};
		5725768B2A52C5E90099BE23 /* Infrastructure */ = {
			isa = PBXGroup;
			children = (
				572576292A5153FC0099BE23 /* HTTPMethod.swift */,
				5725762B2A52843C0099BE23 /* Endpoint.swift */,
				5725762D2A528C1E0099BE23 /* RequestService.swift */,
				572576312A5299E50099BE23 /* NetworkService.swift */,
				572576822A52ACB10099BE23 /* DataTransferService.swift */,
			);
			path = Infrastructure;
			sourceTree = "<group>";
		};
		5725768C2A52C5F30099BE23 /* Endpoint */ = {
			isa = PBXGroup;
			children = (
				5725768F2A52C65C0099BE23 /* AppStoreAPIEndpoint.swift */,
				572576912A52C71C0099BE23 /* LookUpEndpoint.swift */,
				572576982A52C8800099BE23 /* SearchEndpoint.swift */,
			);
			path = Endpoint;
			sourceTree = "<group>";
		};
		5725769F2A52CFA50099BE23 /* Domain */ = {
			isa = PBXGroup;
			children = (
				572576AE2A52D41A0099BE23 /* Entity */,
				572576B02A52D42E0099BE23 /* UseCase */,
				572576AF2A52D4270099BE23 /* RepositoryInterface */,
			);
			path = Domain;
			sourceTree = "<group>";
		};
		572576A02A52CFA90099BE23 /* Presentation */ = {
			isa = PBXGroup;
			children = (
				572576A32A52D0DD0099BE23 /* RootTabBarController.swift */,
				572576A52A52D2080099BE23 /* Today */,
			);
			path = Presentation;
			sourceTree = "<group>";
		};
		572576A52A52D2080099BE23 /* Today */ = {
			isa = PBXGroup;
			children = (
				572576A62A52D2160099BE23 /* TodayViewController.swift */,
				572576A92A52D3500099BE23 /* ViewModel */,
				572576AC2A52D3890099BE23 /* TodayItem.swift */,
				57788C2B2A5965140031C5F2 /* Section.swift */,
			);
			path = Today;
			sourceTree = "<group>";
		};
		572576A92A52D3500099BE23 /* ViewModel */ = {
			isa = PBXGroup;
			children = (
				572576AA2A52D3590099BE23 /* TodayViewModel.swift */,
			);
			path = ViewModel;
			sourceTree = "<group>";
		};
		572576AE2A52D41A0099BE23 /* Entity */ = {
			isa = PBXGroup;
			children = (
				572576B12A52D44B0099BE23 /* App.swift */,
				572576B52A52D5170099BE23 /* AppsPage.swift */,
			);
			path = Entity;
			sourceTree = "<group>";
		};
		572576AF2A52D4270099BE23 /* RepositoryInterface */ = {
			isa = PBXGroup;
			children = (
				572576B32A52D4840099BE23 /* AppRepository.swift */,
			);
			path = RepositoryInterface;
			sourceTree = "<group>";
		};
		572576B02A52D42E0099BE23 /* UseCase */ = {
			isa = PBXGroup;
			children = (
				57788BF82A53F4CC0031C5F2 /* SearchAppUseCase.swift */,
			);
			path = UseCase;
			sourceTree = "<group>";
		};
		572576BA2A52DBC60099BE23 /* Repository */ = {
			isa = PBXGroup;
			children = (
				572576BB2A52DC0A0099BE23 /* DefaultAppRepository.swift */,
			);
			path = Repository;
			sourceTree = "<group>";
		};
		57788BDA2A52EDF30031C5F2 /* Repository */ = {
			isa = PBXGroup;
			children = (
				57788BDB2A52EE080031C5F2 /* AppRepositoryTests.swift */,
			);
			path = Repository;
			sourceTree = "<group>";
		};
		57788BE12A52F2F60031C5F2 /* RequestService */ = {
			isa = PBXGroup;
			children = (
				5725767B2A52A3240099BE23 /* MockRequestService.swift */,
			);
			path = RequestService;
			sourceTree = "<group>";
		};
		57788BE22A52F2FD0031C5F2 /* NetworkService */ = {
			isa = PBXGroup;
			children = (
				57788BDF2A52F1340031C5F2 /* MockSuccessNetworkService.swift */,
				57788BDD2A52F10D0031C5F2 /* MockFailureNetworkService.swift */,
			);
			path = NetworkService;
			sourceTree = "<group>";
		};
		57788BE92A53246E0031C5F2 /* DataTransferService */ = {
			isa = PBXGroup;
			children = (
				57788BEA2A53247B0031C5F2 /* MockSuccessDataTransferService.swift */,
				57788BEC2A53249B0031C5F2 /* MockFailureDataTransferService.swift */,
			);
			path = DataTransferService;
			sourceTree = "<group>";
		};
		57788BFA2A5401860031C5F2 /* Domain */ = {
			isa = PBXGroup;
			children = (
				57788BFB2A5401950031C5F2 /* SearchAppUseCaseTests.swift */,
			);
			path = Domain;
			sourceTree = "<group>";
		};
		57788BFD2A54022F0031C5F2 /* Repository */ = {
			isa = PBXGroup;
			children = (
				57788BFE2A5402400031C5F2 /* MockSuccessAppRepository.swift */,
				57788C002A5404510031C5F2 /* MockFailureAppRepository.swift */,
			);
			path = Repository;
			sourceTree = "<group>";
		};
		57788C0C2A5525480031C5F2 /* Utility */ = {
			isa = PBXGroup;
			children = (
				57788C0D2A5525610031C5F2 /* ImageManager.swift */,
			);
			path = Utility;
			sourceTree = "<group>";
		};
		57788C132A5592C00031C5F2 /* Presentation */ = {
			isa = PBXGroup;
			children = (
				57788C142A5592C50031C5F2 /* Today */,
			);
			path = Presentation;
			sourceTree = "<group>";
		};
		57788C142A5592C50031C5F2 /* Today */ = {
			isa = PBXGroup;
			children = (
				57788C152A5592D00031C5F2 /* TodayViewModelTests.swift */,
			);
			path = Today;
			sourceTree = "<group>";
		};
/* End PBXGroup section */

/* Begin PBXNativeTarget section */
		5725760A2A514C820099BE23 /* AppStore */ = {
			isa = PBXNativeTarget;
			buildConfigurationList = 5725761F2A514C830099BE23 /* Build configuration list for PBXNativeTarget "AppStore" */;
			buildPhases = (
				572576222A5150750099BE23 /* SwiftLint Script */,
				572576072A514C820099BE23 /* Sources */,
				572576082A514C820099BE23 /* Frameworks */,
				572576092A514C820099BE23 /* Resources */,
			);
			buildRules = (
			);
			dependencies = (
			);
			name = AppStore;
			productName = AppStore;
			productReference = 5725760B2A514C820099BE23 /* AppStore.app */;
			productType = "com.apple.product-type.application";
		};
		572576652A52A25E0099BE23 /* AppStoreTests */ = {
			isa = PBXNativeTarget;
			buildConfigurationList = 5725766C2A52A25E0099BE23 /* Build configuration list for PBXNativeTarget "AppStoreTests" */;
			buildPhases = (
				572576622A52A25E0099BE23 /* Sources */,
				572576632A52A25E0099BE23 /* Frameworks */,
				572576642A52A25E0099BE23 /* Resources */,
			);
			buildRules = (
			);
			dependencies = (
				5725766B2A52A25E0099BE23 /* PBXTargetDependency */,
			);
			name = AppStoreTests;
			productName = AppStoreTests;
			productReference = 572576662A52A25E0099BE23 /* AppStoreTests.xctest */;
			productType = "com.apple.product-type.bundle.unit-test";
		};
/* End PBXNativeTarget section */

/* Begin PBXProject section */
		572576032A514C820099BE23 /* Project object */ = {
			isa = PBXProject;
			attributes = {
				BuildIndependentTargetsInParallel = 1;
				LastSwiftUpdateCheck = 1420;
				LastUpgradeCheck = 1420;
				TargetAttributes = {
					5725760A2A514C820099BE23 = {
						CreatedOnToolsVersion = 14.2;
					};
					572576652A52A25E0099BE23 = {
						CreatedOnToolsVersion = 14.2;
						TestTargetID = 5725760A2A514C820099BE23;
					};
				};
			};
			buildConfigurationList = 572576062A514C820099BE23 /* Build configuration list for PBXProject "AppStore" */;
			compatibilityVersion = "Xcode 14.0";
			developmentRegion = en;
			hasScannedForEncodings = 0;
			knownRegions = (
				en,
				Base,
			);
			mainGroup = 572576022A514C820099BE23;
			productRefGroup = 5725760C2A514C820099BE23 /* Products */;
			projectDirPath = "";
			projectRoot = "";
			targets = (
				5725760A2A514C820099BE23 /* AppStore */,
				572576652A52A25E0099BE23 /* AppStoreTests */,
			);
		};
/* End PBXProject section */

/* Begin PBXResourcesBuildPhase section */
		572576092A514C820099BE23 /* Resources */ = {
			isa = PBXResourcesBuildPhase;
			buildActionMask = 2147483647;
			files = (
				5725761B2A514C830099BE23 /* LaunchScreen.storyboard in Resources */,
				572576182A514C830099BE23 /* Assets.xcassets in Resources */,
			);
			runOnlyForDeploymentPostprocessing = 0;
		};
		572576642A52A25E0099BE23 /* Resources */ = {
			isa = PBXResourcesBuildPhase;
			buildActionMask = 2147483647;
			files = (
			);
			runOnlyForDeploymentPostprocessing = 0;
		};
/* End PBXResourcesBuildPhase section */

/* Begin PBXShellScriptBuildPhase section */
		572576222A5150750099BE23 /* SwiftLint Script */ = {
			isa = PBXShellScriptBuildPhase;
			alwaysOutOfDate = 1;
			buildActionMask = 2147483647;
			files = (
			);
			inputFileListPaths = (
			);
			inputPaths = (
			);
			name = "SwiftLint Script";
			outputFileListPaths = (
			);
			outputPaths = (
			);
			runOnlyForDeploymentPostprocessing = 0;
			shellPath = /bin/sh;
			shellScript = "export PATH=\"$PATH:/opt/homebrew/bin\"\nif which swiftlint > /dev/null; then\n  swiftlint\nelse\n  echo \"warning: SwiftLint not installed, download from https://github.com/realm/SwiftLint\"\nfi\n";
		};
/* End PBXShellScriptBuildPhase section */

/* Begin PBXSourcesBuildPhase section */
		572576072A514C820099BE23 /* Sources */ = {
			isa = PBXSourcesBuildPhase;
			buildActionMask = 2147483647;
			files = (
				572576AD2A52D3890099BE23 /* TodayItem.swift in Sources */,
				5725762A2A5153FC0099BE23 /* HTTPMethod.swift in Sources */,
				572576A42A52D0DD0099BE23 /* RootTabBarController.swift in Sources */,
				57788C0E2A5525610031C5F2 /* ImageManager.swift in Sources */,
				572576B22A52D44B0099BE23 /* App.swift in Sources */,
				5725769B2A52C8A90099BE23 /* SearchRequestDTO.swift in Sources */,
				572576902A52C65C0099BE23 /* AppStoreAPIEndpoint.swift in Sources */,
				572576A72A52D2160099BE23 /* TodayViewController.swift in Sources */,
				572576992A52C8800099BE23 /* SearchEndpoint.swift in Sources */,
				572576922A52C71C0099BE23 /* LookUpEndpoint.swift in Sources */,
				572576322A5299E50099BE23 /* NetworkService.swift in Sources */,
				5725762E2A528C1E0099BE23 /* RequestService.swift in Sources */,
				572576832A52ACB10099BE23 /* DataTransferService.swift in Sources */,
				572576952A52C7540099BE23 /* ResponseDTO.swift in Sources */,
				572576AB2A52D3590099BE23 /* TodayViewModel.swift in Sources */,
				572576BC2A52DC0A0099BE23 /* DefaultAppRepository.swift in Sources */,
				5725760F2A514C820099BE23 /* AppDelegate.swift in Sources */,
				572576112A514C820099BE23 /* SceneDelegate.swift in Sources */,
				57788BF92A53F4CC0031C5F2 /* SearchAppUseCase.swift in Sources */,
				5725762C2A52843C0099BE23 /* Endpoint.swift in Sources */,
				572576B62A52D5170099BE23 /* AppsPage.swift in Sources */,
				572576B42A52D4840099BE23 /* AppRepository.swift in Sources */,
				57788C2C2A5965140031C5F2 /* Section.swift in Sources */,
			);
			runOnlyForDeploymentPostprocessing = 0;
		};
		572576622A52A25E0099BE23 /* Sources */ = {
			isa = PBXSourcesBuildPhase;
			buildActionMask = 2147483647;
			files = (
				5725767A2A52A2F50099BE23 /* StubEndpoint.swift in Sources */,
				57788BED2A53249B0031C5F2 /* MockFailureDataTransferService.swift in Sources */,
				57788BDC2A52EE080031C5F2 /* AppRepositoryTests.swift in Sources */,
				572576732A52A28B0099BE23 /* NetworkServiceTests.swift in Sources */,
				572576882A52AFA40099BE23 /* DataTransferServiceTests.swift in Sources */,
				57788BE02A52F1340031C5F2 /* MockSuccessNetworkService.swift in Sources */,
				5725767C2A52A3240099BE23 /* MockRequestService.swift in Sources */,
				57788BE42A52F5CC0031C5F2 /* App+Equatable.swift in Sources */,
				57788C162A5592D00031C5F2 /* TodayViewModelTests.swift in Sources */,
				572576862A52AF210099BE23 /* DataTransferError+Equatable.swift in Sources */,
				57788BE82A531EC80031C5F2 /* AppsPage+Equatable.swift in Sources */,
				57788BFC2A5401950031C5F2 /* SearchAppUseCaseTests.swift in Sources */,
				572576762A52A2C90099BE23 /* NetworkError+Equatable.swift in Sources */,
				57788BFF2A5402400031C5F2 /* MockSuccessAppRepository.swift in Sources */,
				57788BEB2A53247B0031C5F2 /* MockSuccessDataTransferService.swift in Sources */,
				57788C012A5404510031C5F2 /* MockFailureAppRepository.swift in Sources */,
				57788BDE2A52F10D0031C5F2 /* MockFailureNetworkService.swift in Sources */,
			);
			runOnlyForDeploymentPostprocessing = 0;
		};
/* End PBXSourcesBuildPhase section */

/* Begin PBXTargetDependency section */
		5725766B2A52A25E0099BE23 /* PBXTargetDependency */ = {
			isa = PBXTargetDependency;
			target = 5725760A2A514C820099BE23 /* AppStore */;
			targetProxy = 5725766A2A52A25E0099BE23 /* PBXContainerItemProxy */;
		};
/* End PBXTargetDependency section */

/* Begin PBXVariantGroup section */
		572576192A514C830099BE23 /* LaunchScreen.storyboard */ = {
			isa = PBXVariantGroup;
			children = (
				5725761A2A514C830099BE23 /* Base */,
			);
			name = LaunchScreen.storyboard;
			sourceTree = "<group>";
		};
/* End PBXVariantGroup section */

/* Begin XCBuildConfiguration section */
		5725761D2A514C830099BE23 /* Debug */ = {
			isa = XCBuildConfiguration;
			buildSettings = {
				ALWAYS_SEARCH_USER_PATHS = NO;
				CLANG_ANALYZER_NONNULL = YES;
				CLANG_ANALYZER_NUMBER_OBJECT_CONVERSION = YES_AGGRESSIVE;
				CLANG_CXX_LANGUAGE_STANDARD = "gnu++20";
				CLANG_ENABLE_MODULES = YES;
				CLANG_ENABLE_OBJC_ARC = YES;
				CLANG_ENABLE_OBJC_WEAK = YES;
				CLANG_WARN_BLOCK_CAPTURE_AUTORELEASING = YES;
				CLANG_WARN_BOOL_CONVERSION = YES;
				CLANG_WARN_COMMA = YES;
				CLANG_WARN_CONSTANT_CONVERSION = YES;
				CLANG_WARN_DEPRECATED_OBJC_IMPLEMENTATIONS = YES;
				CLANG_WARN_DIRECT_OBJC_ISA_USAGE = YES_ERROR;
				CLANG_WARN_DOCUMENTATION_COMMENTS = YES;
				CLANG_WARN_EMPTY_BODY = YES;
				CLANG_WARN_ENUM_CONVERSION = YES;
				CLANG_WARN_INFINITE_RECURSION = YES;
				CLANG_WARN_INT_CONVERSION = YES;
				CLANG_WARN_NON_LITERAL_NULL_CONVERSION = YES;
				CLANG_WARN_OBJC_IMPLICIT_RETAIN_SELF = YES;
				CLANG_WARN_OBJC_LITERAL_CONVERSION = YES;
				CLANG_WARN_OBJC_ROOT_CLASS = YES_ERROR;
				CLANG_WARN_QUOTED_INCLUDE_IN_FRAMEWORK_HEADER = YES;
				CLANG_WARN_RANGE_LOOP_ANALYSIS = YES;
				CLANG_WARN_STRICT_PROTOTYPES = YES;
				CLANG_WARN_SUSPICIOUS_MOVE = YES;
				CLANG_WARN_UNGUARDED_AVAILABILITY = YES_AGGRESSIVE;
				CLANG_WARN_UNREACHABLE_CODE = YES;
				CLANG_WARN__DUPLICATE_METHOD_MATCH = YES;
				COPY_PHASE_STRIP = NO;
				DEBUG_INFORMATION_FORMAT = dwarf;
				ENABLE_STRICT_OBJC_MSGSEND = YES;
				ENABLE_TESTABILITY = YES;
				GCC_C_LANGUAGE_STANDARD = gnu11;
				GCC_DYNAMIC_NO_PIC = NO;
				GCC_NO_COMMON_BLOCKS = YES;
				GCC_OPTIMIZATION_LEVEL = 0;
				GCC_PREPROCESSOR_DEFINITIONS = (
					"DEBUG=1",
					"$(inherited)",
				);
				GCC_WARN_64_TO_32_BIT_CONVERSION = YES;
				GCC_WARN_ABOUT_RETURN_TYPE = YES_ERROR;
				GCC_WARN_UNDECLARED_SELECTOR = YES;
				GCC_WARN_UNINITIALIZED_AUTOS = YES_AGGRESSIVE;
				GCC_WARN_UNUSED_FUNCTION = YES;
				GCC_WARN_UNUSED_VARIABLE = YES;
				IPHONEOS_DEPLOYMENT_TARGET = 14.0;
				MTL_ENABLE_DEBUG_INFO = INCLUDE_SOURCE;
				MTL_FAST_MATH = YES;
				ONLY_ACTIVE_ARCH = YES;
				SDKROOT = iphoneos;
				SWIFT_ACTIVE_COMPILATION_CONDITIONS = DEBUG;
				SWIFT_OPTIMIZATION_LEVEL = "-Onone";
			};
			name = Debug;
		};
		5725761E2A514C830099BE23 /* Release */ = {
			isa = XCBuildConfiguration;
			buildSettings = {
				ALWAYS_SEARCH_USER_PATHS = NO;
				CLANG_ANALYZER_NONNULL = YES;
				CLANG_ANALYZER_NUMBER_OBJECT_CONVERSION = YES_AGGRESSIVE;
				CLANG_CXX_LANGUAGE_STANDARD = "gnu++20";
				CLANG_ENABLE_MODULES = YES;
				CLANG_ENABLE_OBJC_ARC = YES;
				CLANG_ENABLE_OBJC_WEAK = YES;
				CLANG_WARN_BLOCK_CAPTURE_AUTORELEASING = YES;
				CLANG_WARN_BOOL_CONVERSION = YES;
				CLANG_WARN_COMMA = YES;
				CLANG_WARN_CONSTANT_CONVERSION = YES;
				CLANG_WARN_DEPRECATED_OBJC_IMPLEMENTATIONS = YES;
				CLANG_WARN_DIRECT_OBJC_ISA_USAGE = YES_ERROR;
				CLANG_WARN_DOCUMENTATION_COMMENTS = YES;
				CLANG_WARN_EMPTY_BODY = YES;
				CLANG_WARN_ENUM_CONVERSION = YES;
				CLANG_WARN_INFINITE_RECURSION = YES;
				CLANG_WARN_INT_CONVERSION = YES;
				CLANG_WARN_NON_LITERAL_NULL_CONVERSION = YES;
				CLANG_WARN_OBJC_IMPLICIT_RETAIN_SELF = YES;
				CLANG_WARN_OBJC_LITERAL_CONVERSION = YES;
				CLANG_WARN_OBJC_ROOT_CLASS = YES_ERROR;
				CLANG_WARN_QUOTED_INCLUDE_IN_FRAMEWORK_HEADER = YES;
				CLANG_WARN_RANGE_LOOP_ANALYSIS = YES;
				CLANG_WARN_STRICT_PROTOTYPES = YES;
				CLANG_WARN_SUSPICIOUS_MOVE = YES;
				CLANG_WARN_UNGUARDED_AVAILABILITY = YES_AGGRESSIVE;
				CLANG_WARN_UNREACHABLE_CODE = YES;
				CLANG_WARN__DUPLICATE_METHOD_MATCH = YES;
				COPY_PHASE_STRIP = NO;
				DEBUG_INFORMATION_FORMAT = "dwarf-with-dsym";
				ENABLE_NS_ASSERTIONS = NO;
				ENABLE_STRICT_OBJC_MSGSEND = YES;
				GCC_C_LANGUAGE_STANDARD = gnu11;
				GCC_NO_COMMON_BLOCKS = YES;
				GCC_WARN_64_TO_32_BIT_CONVERSION = YES;
				GCC_WARN_ABOUT_RETURN_TYPE = YES_ERROR;
				GCC_WARN_UNDECLARED_SELECTOR = YES;
				GCC_WARN_UNINITIALIZED_AUTOS = YES_AGGRESSIVE;
				GCC_WARN_UNUSED_FUNCTION = YES;
				GCC_WARN_UNUSED_VARIABLE = YES;
				IPHONEOS_DEPLOYMENT_TARGET = 14.0;
				MTL_ENABLE_DEBUG_INFO = NO;
				MTL_FAST_MATH = YES;
				SDKROOT = iphoneos;
				SWIFT_COMPILATION_MODE = wholemodule;
				SWIFT_OPTIMIZATION_LEVEL = "-O";
				VALIDATE_PRODUCT = YES;
			};
			name = Release;
		};
		572576202A514C830099BE23 /* Debug */ = {
			isa = XCBuildConfiguration;
			buildSettings = {
				ASSETCATALOG_COMPILER_APPICON_NAME = AppIcon;
				ASSETCATALOG_COMPILER_GLOBAL_ACCENT_COLOR_NAME = AccentColor;
				CODE_SIGN_STYLE = Automatic;
				CURRENT_PROJECT_VERSION = 1;
				DEVELOPMENT_TEAM = 3Q4UQ436SX;
				GENERATE_INFOPLIST_FILE = YES;
				INFOPLIST_FILE = AppStore/Info.plist;
				INFOPLIST_KEY_UIApplicationSupportsIndirectInputEvents = YES;
				INFOPLIST_KEY_UILaunchStoryboardName = LaunchScreen;
				INFOPLIST_KEY_UISupportedInterfaceOrientations_iPad = "UIInterfaceOrientationPortrait UIInterfaceOrientationPortraitUpsideDown UIInterfaceOrientationLandscapeLeft UIInterfaceOrientationLandscapeRight";
				INFOPLIST_KEY_UISupportedInterfaceOrientations_iPhone = "UIInterfaceOrientationPortrait UIInterfaceOrientationLandscapeLeft UIInterfaceOrientationLandscapeRight";
				LD_RUNPATH_SEARCH_PATHS = (
					"$(inherited)",
					"@executable_path/Frameworks",
				);
				MARKETING_VERSION = 1.0;
				PRODUCT_BUNDLE_IDENTIFIER = summercat.AppStore;
				PRODUCT_NAME = "$(TARGET_NAME)";
				SWIFT_EMIT_LOC_STRINGS = YES;
				SWIFT_VERSION = 5.0;
				TARGETED_DEVICE_FAMILY = "1,2";
			};
			name = Debug;
		};
		572576212A514C830099BE23 /* Release */ = {
			isa = XCBuildConfiguration;
			buildSettings = {
				ASSETCATALOG_COMPILER_APPICON_NAME = AppIcon;
				ASSETCATALOG_COMPILER_GLOBAL_ACCENT_COLOR_NAME = AccentColor;
				CODE_SIGN_STYLE = Automatic;
				CURRENT_PROJECT_VERSION = 1;
				DEVELOPMENT_TEAM = 3Q4UQ436SX;
				GENERATE_INFOPLIST_FILE = YES;
				INFOPLIST_FILE = AppStore/Info.plist;
				INFOPLIST_KEY_UIApplicationSupportsIndirectInputEvents = YES;
				INFOPLIST_KEY_UILaunchStoryboardName = LaunchScreen;
				INFOPLIST_KEY_UISupportedInterfaceOrientations_iPad = "UIInterfaceOrientationPortrait UIInterfaceOrientationPortraitUpsideDown UIInterfaceOrientationLandscapeLeft UIInterfaceOrientationLandscapeRight";
				INFOPLIST_KEY_UISupportedInterfaceOrientations_iPhone = "UIInterfaceOrientationPortrait UIInterfaceOrientationLandscapeLeft UIInterfaceOrientationLandscapeRight";
				LD_RUNPATH_SEARCH_PATHS = (
					"$(inherited)",
					"@executable_path/Frameworks",
				);
				MARKETING_VERSION = 1.0;
				PRODUCT_BUNDLE_IDENTIFIER = summercat.AppStore;
				PRODUCT_NAME = "$(TARGET_NAME)";
				SWIFT_EMIT_LOC_STRINGS = YES;
				SWIFT_VERSION = 5.0;
				TARGETED_DEVICE_FAMILY = "1,2";
			};
			name = Release;
		};
		5725766D2A52A25E0099BE23 /* Debug */ = {
			isa = XCBuildConfiguration;
			buildSettings = {
				BUNDLE_LOADER = "$(TEST_HOST)";
				CODE_SIGN_STYLE = Automatic;
				CURRENT_PROJECT_VERSION = 1;
				DEVELOPMENT_TEAM = 3Q4UQ436SX;
				GENERATE_INFOPLIST_FILE = YES;
				IPHONEOS_DEPLOYMENT_TARGET = 14.0;
				MACOSX_DEPLOYMENT_TARGET = 13.1;
				MARKETING_VERSION = 1.0;
				PRODUCT_BUNDLE_IDENTIFIER = summercat.AppStoreTests;
				PRODUCT_NAME = "$(TARGET_NAME)";
				SDKROOT = auto;
				SUPPORTED_PLATFORMS = "iphoneos iphonesimulator macosx";
				SWIFT_EMIT_LOC_STRINGS = NO;
				SWIFT_VERSION = 5.0;
				TARGETED_DEVICE_FAMILY = "1,2";
				TEST_HOST = "$(BUILT_PRODUCTS_DIR)/AppStore.app/$(BUNDLE_EXECUTABLE_FOLDER_PATH)/AppStore";
			};
			name = Debug;
		};
		5725766E2A52A25E0099BE23 /* Release */ = {
			isa = XCBuildConfiguration;
			buildSettings = {
				BUNDLE_LOADER = "$(TEST_HOST)";
				CODE_SIGN_STYLE = Automatic;
				CURRENT_PROJECT_VERSION = 1;
				DEVELOPMENT_TEAM = 3Q4UQ436SX;
				GENERATE_INFOPLIST_FILE = YES;
				IPHONEOS_DEPLOYMENT_TARGET = 14.0;
				MACOSX_DEPLOYMENT_TARGET = 13.1;
				MARKETING_VERSION = 1.0;
				PRODUCT_BUNDLE_IDENTIFIER = summercat.AppStoreTests;
				PRODUCT_NAME = "$(TARGET_NAME)";
				SDKROOT = auto;
				SUPPORTED_PLATFORMS = "iphoneos iphonesimulator macosx";
				SWIFT_EMIT_LOC_STRINGS = NO;
				SWIFT_VERSION = 5.0;
				TARGETED_DEVICE_FAMILY = "1,2";
				TEST_HOST = "$(BUILT_PRODUCTS_DIR)/AppStore.app/$(BUNDLE_EXECUTABLE_FOLDER_PATH)/AppStore";
			};
			name = Release;
		};
/* End XCBuildConfiguration section */

/* Begin XCConfigurationList section */
		572576062A514C820099BE23 /* Build configuration list for PBXProject "AppStore" */ = {
			isa = XCConfigurationList;
			buildConfigurations = (
				5725761D2A514C830099BE23 /* Debug */,
				5725761E2A514C830099BE23 /* Release */,
			);
			defaultConfigurationIsVisible = 0;
			defaultConfigurationName = Release;
		};
		5725761F2A514C830099BE23 /* Build configuration list for PBXNativeTarget "AppStore" */ = {
			isa = XCConfigurationList;
			buildConfigurations = (
				572576202A514C830099BE23 /* Debug */,
				572576212A514C830099BE23 /* Release */,
			);
			defaultConfigurationIsVisible = 0;
			defaultConfigurationName = Release;
		};
		5725766C2A52A25E0099BE23 /* Build configuration list for PBXNativeTarget "AppStoreTests" */ = {
			isa = XCConfigurationList;
			buildConfigurations = (
				5725766D2A52A25E0099BE23 /* Debug */,
				5725766E2A52A25E0099BE23 /* Release */,
			);
			defaultConfigurationIsVisible = 0;
			defaultConfigurationName = Release;
		};
/* End XCConfigurationList section */
	};
	rootObject = 572576032A514C820099BE23 /* Project object */;
}
