// !$*UTF8*$!
{
	archiveVersion = 1;
	classes = {
	};
	objectVersion = 56;
	objects = {

/* Begin PBXBuildFile section */
		5725760F2A514C820099BE23 /* AppDelegate.swift in Sources */ = {isa = PBXBuildFile; fileRef = 5725760E2A514C820099BE23 /* AppDelegate.swift */; };
		572576112A514C820099BE23 /* SceneDelegate.swift in Sources */ = {isa = PBXBuildFile; fileRef = 572576102A514C820099BE23 /* SceneDelegate.swift */; };
		572576132A514C820099BE23 /* ViewController.swift in Sources */ = {isa = PBXBuildFile; fileRef = 572576122A514C820099BE23 /* ViewController.swift */; };
		572576182A514C830099BE23 /* Assets.xcassets in Resources */ = {isa = PBXBuildFile; fileRef = 572576172A514C830099BE23 /* Assets.xcassets */; };
		5725761B2A514C830099BE23 /* LaunchScreen.storyboard in Resources */ = {isa = PBXBuildFile; fileRef = 572576192A514C830099BE23 /* LaunchScreen.storyboard */; };
		5725762A2A5153FC0099BE23 /* HTTPMethod.swift in Sources */ = {isa = PBXBuildFile; fileRef = 572576292A5153FC0099BE23 /* HTTPMethod.swift */; };
		5725762C2A52843C0099BE23 /* Endpoint.swift in Sources */ = {isa = PBXBuildFile; fileRef = 5725762B2A52843C0099BE23 /* Endpoint.swift */; };
		5725762E2A528C1E0099BE23 /* RequestService.swift in Sources */ = {isa = PBXBuildFile; fileRef = 5725762D2A528C1E0099BE23 /* RequestService.swift */; };
		572576322A5299E50099BE23 /* NetworkService.swift in Sources */ = {isa = PBXBuildFile; fileRef = 572576312A5299E50099BE23 /* NetworkService.swift */; };
		572576732A52A28B0099BE23 /* NetworkServiceTests.swift in Sources */ = {isa = PBXBuildFile; fileRef = 572576722A52A28B0099BE23 /* NetworkServiceTests.swift */; };
		572576762A52A2C90099BE23 /* NetworkError+Equatable.swift in Sources */ = {isa = PBXBuildFile; fileRef = 572576752A52A2C90099BE23 /* NetworkError+Equatable.swift */; };
		5725767A2A52A2F50099BE23 /* StubEndpoint.swift in Sources */ = {isa = PBXBuildFile; fileRef = 572576792A52A2F50099BE23 /* StubEndpoint.swift */; };
		5725767C2A52A3240099BE23 /* MockRequestService.swift in Sources */ = {isa = PBXBuildFile; fileRef = 5725767B2A52A3240099BE23 /* MockRequestService.swift */; };
		572576832A52ACB10099BE23 /* DataTransferService.swift in Sources */ = {isa = PBXBuildFile; fileRef = 572576822A52ACB10099BE23 /* DataTransferService.swift */; };
/* End PBXBuildFile section */

/* Begin PBXContainerItemProxy section */
		5725766A2A52A25E0099BE23 /* PBXContainerItemProxy */ = {
			isa = PBXContainerItemProxy;
			containerPortal = 572576032A514C820099BE23 /* Project object */;
			proxyType = 1;
			remoteGlobalIDString = 5725760A2A514C820099BE23;
			remoteInfo = AppStore;
		};
/* End PBXContainerItemProxy section */

/* Begin PBXFileReference section */
		5725760B2A514C820099BE23 /* AppStore.app */ = {isa = PBXFileReference; explicitFileType = wrapper.application; includeInIndex = 0; path = AppStore.app; sourceTree = BUILT_PRODUCTS_DIR; };
		5725760E2A514C820099BE23 /* AppDelegate.swift */ = {isa = PBXFileReference; lastKnownFileType = sourcecode.swift; path = AppDelegate.swift; sourceTree = "<group>"; };
		572576102A514C820099BE23 /* SceneDelegate.swift */ = {isa = PBXFileReference; lastKnownFileType = sourcecode.swift; path = SceneDelegate.swift; sourceTree = "<group>"; };
		572576122A514C820099BE23 /* ViewController.swift */ = {isa = PBXFileReference; lastKnownFileType = sourcecode.swift; path = ViewController.swift; sourceTree = "<group>"; };
		572576172A514C830099BE23 /* Assets.xcassets */ = {isa = PBXFileReference; lastKnownFileType = folder.assetcatalog; path = Assets.xcassets; sourceTree = "<group>"; };
		5725761A2A514C830099BE23 /* Base */ = {isa = PBXFileReference; lastKnownFileType = file.storyboard; name = Base; path = Base.lproj/LaunchScreen.storyboard; sourceTree = "<group>"; };
		5725761C2A514C830099BE23 /* Info.plist */ = {isa = PBXFileReference; lastKnownFileType = text.plist.xml; path = Info.plist; sourceTree = "<group>"; };
		572576232A5151080099BE23 /* .swiftlint.yml */ = {isa = PBXFileReference; lastKnownFileType = text.yaml; path = .swiftlint.yml; sourceTree = "<group>"; };
		572576292A5153FC0099BE23 /* HTTPMethod.swift */ = {isa = PBXFileReference; lastKnownFileType = sourcecode.swift; path = HTTPMethod.swift; sourceTree = "<group>"; };
		5725762B2A52843C0099BE23 /* Endpoint.swift */ = {isa = PBXFileReference; lastKnownFileType = sourcecode.swift; path = Endpoint.swift; sourceTree = "<group>"; };
		5725762D2A528C1E0099BE23 /* RequestService.swift */ = {isa = PBXFileReference; lastKnownFileType = sourcecode.swift; path = RequestService.swift; sourceTree = "<group>"; };
		572576312A5299E50099BE23 /* NetworkService.swift */ = {isa = PBXFileReference; lastKnownFileType = sourcecode.swift; path = NetworkService.swift; sourceTree = "<group>"; };
		572576662A52A25E0099BE23 /* AppStoreTests.xctest */ = {isa = PBXFileReference; explicitFileType = wrapper.cfbundle; includeInIndex = 0; path = AppStoreTests.xctest; sourceTree = BUILT_PRODUCTS_DIR; };
		572576722A52A28B0099BE23 /* NetworkServiceTests.swift */ = {isa = PBXFileReference; lastKnownFileType = sourcecode.swift; path = NetworkServiceTests.swift; sourceTree = "<group>"; };
		572576752A52A2C90099BE23 /* NetworkError+Equatable.swift */ = {isa = PBXFileReference; lastKnownFileType = sourcecode.swift; path = "NetworkError+Equatable.swift"; sourceTree = "<group>"; };
		572576792A52A2F50099BE23 /* StubEndpoint.swift */ = {isa = PBXFileReference; lastKnownFileType = sourcecode.swift; path = StubEndpoint.swift; sourceTree = "<group>"; };
		5725767B2A52A3240099BE23 /* MockRequestService.swift */ = {isa = PBXFileReference; lastKnownFileType = sourcecode.swift; path = MockRequestService.swift; sourceTree = "<group>"; };
		572576822A52ACB10099BE23 /* DataTransferService.swift */ = {isa = PBXFileReference; lastKnownFileType = sourcecode.swift; path = DataTransferService.swift; sourceTree = "<group>"; };
/* End PBXFileReference section */

/* Begin PBXFrameworksBuildPhase section */
		572576082A514C820099BE23 /* Frameworks */ = {
			isa = PBXFrameworksBuildPhase;
			buildActionMask = 2147483647;
			files = (
			);
			runOnlyForDeploymentPostprocessing = 0;
		};
		572576632A52A25E0099BE23 /* Frameworks */ = {
			isa = PBXFrameworksBuildPhase;
			buildActionMask = 2147483647;
			files = (
			);
			runOnlyForDeploymentPostprocessing = 0;
		};
/* End PBXFrameworksBuildPhase section */

/* Begin PBXGroup section */
		572576022A514C820099BE23 = {
			isa = PBXGroup;
			children = (
				5725760D2A514C820099BE23 /* AppStore */,
				572576672A52A25E0099BE23 /* AppStoreTests */,
				5725760C2A514C820099BE23 /* Products */,
			);
			sourceTree = "<group>";
		};
		5725760C2A514C820099BE23 /* Products */ = {
			isa = PBXGroup;
			children = (
				5725760B2A514C820099BE23 /* AppStore.app */,
				572576662A52A25E0099BE23 /* AppStoreTests.xctest */,
			);
			name = Products;
			sourceTree = "<group>";
		};
		5725760D2A514C820099BE23 /* AppStore */ = {
			isa = PBXGroup;
			children = (
				572576272A51537C0099BE23 /* Data */,
				5725760E2A514C820099BE23 /* AppDelegate.swift */,
				572576102A514C820099BE23 /* SceneDelegate.swift */,
				572576122A514C820099BE23 /* ViewController.swift */,
				572576172A514C830099BE23 /* Assets.xcassets */,
				572576192A514C830099BE23 /* LaunchScreen.storyboard */,
				5725761C2A514C830099BE23 /* Info.plist */,
				572576232A5151080099BE23 /* .swiftlint.yml */,
			);
			path = AppStore;
			sourceTree = "<group>";
		};
		572576272A51537C0099BE23 /* Data */ = {
			isa = PBXGroup;
			children = (
				572576282A51537F0099BE23 /* Network */,
			);
			path = Data;
			sourceTree = "<group>";
		};
		572576282A51537F0099BE23 /* Network */ = {
			isa = PBXGroup;
			children = (
				572576292A5153FC0099BE23 /* HTTPMethod.swift */,
				5725762B2A52843C0099BE23 /* Endpoint.swift */,
				5725762D2A528C1E0099BE23 /* RequestService.swift */,
				572576312A5299E50099BE23 /* NetworkService.swift */,
				572576822A52ACB10099BE23 /* DataTransferService.swift */,
			);
			path = Network;
			sourceTree = "<group>";
		};
		572576672A52A25E0099BE23 /* AppStoreTests */ = {
			isa = PBXGroup;
			children = (
				572576742A52A2B90099BE23 /* Extension */,
				572576702A52A27C0099BE23 /* Data */,
				5725766F2A52A2620099BE23 /* TestDouble */,
			);
			path = AppStoreTests;
			sourceTree = "<group>";
		};
		5725766F2A52A2620099BE23 /* TestDouble */ = {
			isa = PBXGroup;
			children = (
				572576782A52A2EE0099BE23 /* Mock */,
				572576772A52A2EA0099BE23 /* Stub */,
			);
			path = TestDouble;
			sourceTree = "<group>";
		};
		572576702A52A27C0099BE23 /* Data */ = {
			isa = PBXGroup;
			children = (
				572576712A52A27F0099BE23 /* Network */,
			);
			path = Data;
			sourceTree = "<group>";
		};
		572576712A52A27F0099BE23 /* Network */ = {
			isa = PBXGroup;
			children = (
				572576722A52A28B0099BE23 /* NetworkServiceTests.swift */,
			);
			path = Network;
			sourceTree = "<group>";
		};
		572576742A52A2B90099BE23 /* Extension */ = {
			isa = PBXGroup;
			children = (
				572576752A52A2C90099BE23 /* NetworkError+Equatable.swift */,
			);
			path = Extension;
			sourceTree = "<group>";
		};
		572576772A52A2EA0099BE23 /* Stub */ = {
			isa = PBXGroup;
			children = (
				572576792A52A2F50099BE23 /* StubEndpoint.swift */,
			);
			path = Stub;
			sourceTree = "<group>";
		};
		572576782A52A2EE0099BE23 /* Mock */ = {
			isa = PBXGroup;
			children = (
				5725767B2A52A3240099BE23 /* MockRequestService.swift */,
			);
			path = Mock;
			sourceTree = "<group>";
		};
/* End PBXGroup section */

/* Begin PBXNativeTarget section */
		5725760A2A514C820099BE23 /* AppStore */ = {
			isa = PBXNativeTarget;
			buildConfigurationList = 5725761F2A514C830099BE23 /* Build configuration list for PBXNativeTarget "AppStore" */;
			buildPhases = (
				572576222A5150750099BE23 /* SwiftLint Script */,
				572576072A514C820099BE23 /* Sources */,
				572576082A514C820099BE23 /* Frameworks */,
				572576092A514C820099BE23 /* Resources */,
			);
			buildRules = (
			);
			dependencies = (
			);
			name = AppStore;
			productName = AppStore;
			productReference = 5725760B2A514C820099BE23 /* AppStore.app */;
			productType = "com.apple.product-type.application";
		};
		572576652A52A25E0099BE23 /* AppStoreTests */ = {
			isa = PBXNativeTarget;
			buildConfigurationList = 5725766C2A52A25E0099BE23 /* Build configuration list for PBXNativeTarget "AppStoreTests" */;
			buildPhases = (
				572576622A52A25E0099BE23 /* Sources */,
				572576632A52A25E0099BE23 /* Frameworks */,
				572576642A52A25E0099BE23 /* Resources */,
			);
			buildRules = (
			);
			dependencies = (
				5725766B2A52A25E0099BE23 /* PBXTargetDependency */,
			);
			name = AppStoreTests;
			productName = AppStoreTests;
			productReference = 572576662A52A25E0099BE23 /* AppStoreTests.xctest */;
			productType = "com.apple.product-type.bundle.unit-test";
		};
/* End PBXNativeTarget section */

/* Begin PBXProject section */
		572576032A514C820099BE23 /* Project object */ = {
			isa = PBXProject;
			attributes = {
				BuildIndependentTargetsInParallel = 1;
				LastSwiftUpdateCheck = 1420;
				LastUpgradeCheck = 1420;
				TargetAttributes = {
					5725760A2A514C820099BE23 = {
						CreatedOnToolsVersion = 14.2;
					};
					572576652A52A25E0099BE23 = {
						CreatedOnToolsVersion = 14.2;
						TestTargetID = 5725760A2A514C820099BE23;
					};
				};
			};
			buildConfigurationList = 572576062A514C820099BE23 /* Build configuration list for PBXProject "AppStore" */;
			compatibilityVersion = "Xcode 14.0";
			developmentRegion = en;
			hasScannedForEncodings = 0;
			knownRegions = (
				en,
				Base,
			);
			mainGroup = 572576022A514C820099BE23;
			productRefGroup = 5725760C2A514C820099BE23 /* Products */;
			projectDirPath = "";
			projectRoot = "";
			targets = (
				5725760A2A514C820099BE23 /* AppStore */,
				572576652A52A25E0099BE23 /* AppStoreTests */,
			);
		};
/* End PBXProject section */

/* Begin PBXResourcesBuildPhase section */
		572576092A514C820099BE23 /* Resources */ = {
			isa = PBXResourcesBuildPhase;
			buildActionMask = 2147483647;
			files = (
				5725761B2A514C830099BE23 /* LaunchScreen.storyboard in Resources */,
				572576182A514C830099BE23 /* Assets.xcassets in Resources */,
			);
			runOnlyForDeploymentPostprocessing = 0;
		};
		572576642A52A25E0099BE23 /* Resources */ = {
			isa = PBXResourcesBuildPhase;
			buildActionMask = 2147483647;
			files = (
			);
			runOnlyForDeploymentPostprocessing = 0;
		};
/* End PBXResourcesBuildPhase section */

/* Begin PBXShellScriptBuildPhase section */
		572576222A5150750099BE23 /* SwiftLint Script */ = {
			isa = PBXShellScriptBuildPhase;
			alwaysOutOfDate = 1;
			buildActionMask = 2147483647;
			files = (
			);
			inputFileListPaths = (
			);
			inputPaths = (
			);
			name = "SwiftLint Script";
			outputFileListPaths = (
			);
			outputPaths = (
			);
			runOnlyForDeploymentPostprocessing = 0;
			shellPath = /bin/sh;
			shellScript = "export PATH=\"$PATH:/opt/homebrew/bin\"\nif which swiftlint > /dev/null; then\n  swiftlint\nelse\n  echo \"warning: SwiftLint not installed, download from https://github.com/realm/SwiftLint\"\nfi\n";
		};
/* End PBXShellScriptBuildPhase section */

/* Begin PBXSourcesBuildPhase section */
		572576072A514C820099BE23 /* Sources */ = {
			isa = PBXSourcesBuildPhase;
			buildActionMask = 2147483647;
			files = (
				5725762A2A5153FC0099BE23 /* HTTPMethod.swift in Sources */,
				572576322A5299E50099BE23 /* NetworkService.swift in Sources */,
				5725762E2A528C1E0099BE23 /* RequestService.swift in Sources */,
				572576832A52ACB10099BE23 /* DataTransferService.swift in Sources */,
				572576132A514C820099BE23 /* ViewController.swift in Sources */,
				5725760F2A514C820099BE23 /* AppDelegate.swift in Sources */,
				572576112A514C820099BE23 /* SceneDelegate.swift in Sources */,
				5725762C2A52843C0099BE23 /* Endpoint.swift in Sources */,
			);
			runOnlyForDeploymentPostprocessing = 0;
		};
		572576622A52A25E0099BE23 /* Sources */ = {
			isa = PBXSourcesBuildPhase;
			buildActionMask = 2147483647;
			files = (
				5725767A2A52A2F50099BE23 /* StubEndpoint.swift in Sources */,
				572576732A52A28B0099BE23 /* NetworkServiceTests.swift in Sources */,
				5725767C2A52A3240099BE23 /* MockRequestService.swift in Sources */,
				572576762A52A2C90099BE23 /* NetworkError+Equatable.swift in Sources */,
			);
			runOnlyForDeploymentPostprocessing = 0;
		};
/* End PBXSourcesBuildPhase section */

/* Begin PBXTargetDependency section */
		5725766B2A52A25E0099BE23 /* PBXTargetDependency */ = {
			isa = PBXTargetDependency;
			target = 5725760A2A514C820099BE23 /* AppStore */;
			targetProxy = 5725766A2A52A25E0099BE23 /* PBXContainerItemProxy */;
		};
/* End PBXTargetDependency section */

/* Begin PBXVariantGroup section */
		572576192A514C830099BE23 /* LaunchScreen.storyboard */ = {
			isa = PBXVariantGroup;
			children = (
				5725761A2A514C830099BE23 /* Base */,
			);
			name = LaunchScreen.storyboard;
			sourceTree = "<group>";
		};
/* End PBXVariantGroup section */

/* Begin XCBuildConfiguration section */
		5725761D2A514C830099BE23 /* Debug */ = {
			isa = XCBuildConfiguration;
			buildSettings = {
				ALWAYS_SEARCH_USER_PATHS = NO;
				CLANG_ANALYZER_NONNULL = YES;
				CLANG_ANALYZER_NUMBER_OBJECT_CONVERSION = YES_AGGRESSIVE;
				CLANG_CXX_LANGUAGE_STANDARD = "gnu++20";
				CLANG_ENABLE_MODULES = YES;
				CLANG_ENABLE_OBJC_ARC = YES;
				CLANG_ENABLE_OBJC_WEAK = YES;
				CLANG_WARN_BLOCK_CAPTURE_AUTORELEASING = YES;
				CLANG_WARN_BOOL_CONVERSION = YES;
				CLANG_WARN_COMMA = YES;
				CLANG_WARN_CONSTANT_CONVERSION = YES;
				CLANG_WARN_DEPRECATED_OBJC_IMPLEMENTATIONS = YES;
				CLANG_WARN_DIRECT_OBJC_ISA_USAGE = YES_ERROR;
				CLANG_WARN_DOCUMENTATION_COMMENTS = YES;
				CLANG_WARN_EMPTY_BODY = YES;
				CLANG_WARN_ENUM_CONVERSION = YES;
				CLANG_WARN_INFINITE_RECURSION = YES;
				CLANG_WARN_INT_CONVERSION = YES;
				CLANG_WARN_NON_LITERAL_NULL_CONVERSION = YES;
				CLANG_WARN_OBJC_IMPLICIT_RETAIN_SELF = YES;
				CLANG_WARN_OBJC_LITERAL_CONVERSION = YES;
				CLANG_WARN_OBJC_ROOT_CLASS = YES_ERROR;
				CLANG_WARN_QUOTED_INCLUDE_IN_FRAMEWORK_HEADER = YES;
				CLANG_WARN_RANGE_LOOP_ANALYSIS = YES;
				CLANG_WARN_STRICT_PROTOTYPES = YES;
				CLANG_WARN_SUSPICIOUS_MOVE = YES;
				CLANG_WARN_UNGUARDED_AVAILABILITY = YES_AGGRESSIVE;
				CLANG_WARN_UNREACHABLE_CODE = YES;
				CLANG_WARN__DUPLICATE_METHOD_MATCH = YES;
				COPY_PHASE_STRIP = NO;
				DEBUG_INFORMATION_FORMAT = dwarf;
				ENABLE_STRICT_OBJC_MSGSEND = YES;
				ENABLE_TESTABILITY = YES;
				GCC_C_LANGUAGE_STANDARD = gnu11;
				GCC_DYNAMIC_NO_PIC = NO;
				GCC_NO_COMMON_BLOCKS = YES;
				GCC_OPTIMIZATION_LEVEL = 0;
				GCC_PREPROCESSOR_DEFINITIONS = (
					"DEBUG=1",
					"$(inherited)",
				);
				GCC_WARN_64_TO_32_BIT_CONVERSION = YES;
				GCC_WARN_ABOUT_RETURN_TYPE = YES_ERROR;
				GCC_WARN_UNDECLARED_SELECTOR = YES;
				GCC_WARN_UNINITIALIZED_AUTOS = YES_AGGRESSIVE;
				GCC_WARN_UNUSED_FUNCTION = YES;
				GCC_WARN_UNUSED_VARIABLE = YES;
				IPHONEOS_DEPLOYMENT_TARGET = 14.0;
				MTL_ENABLE_DEBUG_INFO = INCLUDE_SOURCE;
				MTL_FAST_MATH = YES;
				ONLY_ACTIVE_ARCH = YES;
				SDKROOT = iphoneos;
				SWIFT_ACTIVE_COMPILATION_CONDITIONS = DEBUG;
				SWIFT_OPTIMIZATION_LEVEL = "-Onone";
			};
			name = Debug;
		};
		5725761E2A514C830099BE23 /* Release */ = {
			isa = XCBuildConfiguration;
			buildSettings = {
				ALWAYS_SEARCH_USER_PATHS = NO;
				CLANG_ANALYZER_NONNULL = YES;
				CLANG_ANALYZER_NUMBER_OBJECT_CONVERSION = YES_AGGRESSIVE;
				CLANG_CXX_LANGUAGE_STANDARD = "gnu++20";
				CLANG_ENABLE_MODULES = YES;
				CLANG_ENABLE_OBJC_ARC = YES;
				CLANG_ENABLE_OBJC_WEAK = YES;
				CLANG_WARN_BLOCK_CAPTURE_AUTORELEASING = YES;
				CLANG_WARN_BOOL_CONVERSION = YES;
				CLANG_WARN_COMMA = YES;
				CLANG_WARN_CONSTANT_CONVERSION = YES;
				CLANG_WARN_DEPRECATED_OBJC_IMPLEMENTATIONS = YES;
				CLANG_WARN_DIRECT_OBJC_ISA_USAGE = YES_ERROR;
				CLANG_WARN_DOCUMENTATION_COMMENTS = YES;
				CLANG_WARN_EMPTY_BODY = YES;
				CLANG_WARN_ENUM_CONVERSION = YES;
				CLANG_WARN_INFINITE_RECURSION = YES;
				CLANG_WARN_INT_CONVERSION = YES;
				CLANG_WARN_NON_LITERAL_NULL_CONVERSION = YES;
				CLANG_WARN_OBJC_IMPLICIT_RETAIN_SELF = YES;
				CLANG_WARN_OBJC_LITERAL_CONVERSION = YES;
				CLANG_WARN_OBJC_ROOT_CLASS = YES_ERROR;
				CLANG_WARN_QUOTED_INCLUDE_IN_FRAMEWORK_HEADER = YES;
				CLANG_WARN_RANGE_LOOP_ANALYSIS = YES;
				CLANG_WARN_STRICT_PROTOTYPES = YES;
				CLANG_WARN_SUSPICIOUS_MOVE = YES;
				CLANG_WARN_UNGUARDED_AVAILABILITY = YES_AGGRESSIVE;
				CLANG_WARN_UNREACHABLE_CODE = YES;
				CLANG_WARN__DUPLICATE_METHOD_MATCH = YES;
				COPY_PHASE_STRIP = NO;
				DEBUG_INFORMATION_FORMAT = "dwarf-with-dsym";
				ENABLE_NS_ASSERTIONS = NO;
				ENABLE_STRICT_OBJC_MSGSEND = YES;
				GCC_C_LANGUAGE_STANDARD = gnu11;
				GCC_NO_COMMON_BLOCKS = YES;
				GCC_WARN_64_TO_32_BIT_CONVERSION = YES;
				GCC_WARN_ABOUT_RETURN_TYPE = YES_ERROR;
				GCC_WARN_UNDECLARED_SELECTOR = YES;
				GCC_WARN_UNINITIALIZED_AUTOS = YES_AGGRESSIVE;
				GCC_WARN_UNUSED_FUNCTION = YES;
				GCC_WARN_UNUSED_VARIABLE = YES;
				IPHONEOS_DEPLOYMENT_TARGET = 14.0;
				MTL_ENABLE_DEBUG_INFO = NO;
				MTL_FAST_MATH = YES;
				SDKROOT = iphoneos;
				SWIFT_COMPILATION_MODE = wholemodule;
				SWIFT_OPTIMIZATION_LEVEL = "-O";
				VALIDATE_PRODUCT = YES;
			};
			name = Release;
		};
		572576202A514C830099BE23 /* Debug */ = {
			isa = XCBuildConfiguration;
			buildSettings = {
				ASSETCATALOG_COMPILER_APPICON_NAME = AppIcon;
				ASSETCATALOG_COMPILER_GLOBAL_ACCENT_COLOR_NAME = AccentColor;
				CODE_SIGN_STYLE = Automatic;
				CURRENT_PROJECT_VERSION = 1;
				DEVELOPMENT_TEAM = 3Q4UQ436SX;
				GENERATE_INFOPLIST_FILE = YES;
				INFOPLIST_FILE = AppStore/Info.plist;
				INFOPLIST_KEY_UIApplicationSupportsIndirectInputEvents = YES;
				INFOPLIST_KEY_UILaunchStoryboardName = LaunchScreen;
				INFOPLIST_KEY_UISupportedInterfaceOrientations_iPad = "UIInterfaceOrientationPortrait UIInterfaceOrientationPortraitUpsideDown UIInterfaceOrientationLandscapeLeft UIInterfaceOrientationLandscapeRight";
				INFOPLIST_KEY_UISupportedInterfaceOrientations_iPhone = "UIInterfaceOrientationPortrait UIInterfaceOrientationLandscapeLeft UIInterfaceOrientationLandscapeRight";
				LD_RUNPATH_SEARCH_PATHS = (
					"$(inherited)",
					"@executable_path/Frameworks",
				);
				MARKETING_VERSION = 1.0;
				PRODUCT_BUNDLE_IDENTIFIER = summercat.AppStore;
				PRODUCT_NAME = "$(TARGET_NAME)";
				SWIFT_EMIT_LOC_STRINGS = YES;
				SWIFT_VERSION = 5.0;
				TARGETED_DEVICE_FAMILY = "1,2";
			};
			name = Debug;
		};
		572576212A514C830099BE23 /* Release */ = {
			isa = XCBuildConfiguration;
			buildSettings = {
				ASSETCATALOG_COMPILER_APPICON_NAME = AppIcon;
				ASSETCATALOG_COMPILER_GLOBAL_ACCENT_COLOR_NAME = AccentColor;
				CODE_SIGN_STYLE = Automatic;
				CURRENT_PROJECT_VERSION = 1;
				DEVELOPMENT_TEAM = 3Q4UQ436SX;
				GENERATE_INFOPLIST_FILE = YES;
				INFOPLIST_FILE = AppStore/Info.plist;
				INFOPLIST_KEY_UIApplicationSupportsIndirectInputEvents = YES;
				INFOPLIST_KEY_UILaunchStoryboardName = LaunchScreen;
				INFOPLIST_KEY_UISupportedInterfaceOrientations_iPad = "UIInterfaceOrientationPortrait UIInterfaceOrientationPortraitUpsideDown UIInterfaceOrientationLandscapeLeft UIInterfaceOrientationLandscapeRight";
				INFOPLIST_KEY_UISupportedInterfaceOrientations_iPhone = "UIInterfaceOrientationPortrait UIInterfaceOrientationLandscapeLeft UIInterfaceOrientationLandscapeRight";
				LD_RUNPATH_SEARCH_PATHS = (
					"$(inherited)",
					"@executable_path/Frameworks",
				);
				MARKETING_VERSION = 1.0;
				PRODUCT_BUNDLE_IDENTIFIER = summercat.AppStore;
				PRODUCT_NAME = "$(TARGET_NAME)";
				SWIFT_EMIT_LOC_STRINGS = YES;
				SWIFT_VERSION = 5.0;
				TARGETED_DEVICE_FAMILY = "1,2";
			};
			name = Release;
		};
		5725766D2A52A25E0099BE23 /* Debug */ = {
			isa = XCBuildConfiguration;
			buildSettings = {
				BUNDLE_LOADER = "$(TEST_HOST)";
				CODE_SIGN_STYLE = Automatic;
				CURRENT_PROJECT_VERSION = 1;
				DEVELOPMENT_TEAM = 3Q4UQ436SX;
				GENERATE_INFOPLIST_FILE = YES;
				IPHONEOS_DEPLOYMENT_TARGET = 16.2;
				MACOSX_DEPLOYMENT_TARGET = 13.1;
				MARKETING_VERSION = 1.0;
				PRODUCT_BUNDLE_IDENTIFIER = summercat.AppStoreTests;
				PRODUCT_NAME = "$(TARGET_NAME)";
				SDKROOT = auto;
				SUPPORTED_PLATFORMS = "iphoneos iphonesimulator macosx";
				SWIFT_EMIT_LOC_STRINGS = NO;
				SWIFT_VERSION = 5.0;
				TARGETED_DEVICE_FAMILY = "1,2";
				TEST_HOST = "$(BUILT_PRODUCTS_DIR)/AppStore.app/$(BUNDLE_EXECUTABLE_FOLDER_PATH)/AppStore";
			};
			name = Debug;
		};
		5725766E2A52A25E0099BE23 /* Release */ = {
			isa = XCBuildConfiguration;
			buildSettings = {
				BUNDLE_LOADER = "$(TEST_HOST)";
				CODE_SIGN_STYLE = Automatic;
				CURRENT_PROJECT_VERSION = 1;
				DEVELOPMENT_TEAM = 3Q4UQ436SX;
				GENERATE_INFOPLIST_FILE = YES;
				IPHONEOS_DEPLOYMENT_TARGET = 16.2;
				MACOSX_DEPLOYMENT_TARGET = 13.1;
				MARKETING_VERSION = 1.0;
				PRODUCT_BUNDLE_IDENTIFIER = summercat.AppStoreTests;
				PRODUCT_NAME = "$(TARGET_NAME)";
				SDKROOT = auto;
				SUPPORTED_PLATFORMS = "iphoneos iphonesimulator macosx";
				SWIFT_EMIT_LOC_STRINGS = NO;
				SWIFT_VERSION = 5.0;
				TARGETED_DEVICE_FAMILY = "1,2";
				TEST_HOST = "$(BUILT_PRODUCTS_DIR)/AppStore.app/$(BUNDLE_EXECUTABLE_FOLDER_PATH)/AppStore";
			};
			name = Release;
		};
/* End XCBuildConfiguration section */

/* Begin XCConfigurationList section */
		572576062A514C820099BE23 /* Build configuration list for PBXProject "AppStore" */ = {
			isa = XCConfigurationList;
			buildConfigurations = (
				5725761D2A514C830099BE23 /* Debug */,
				5725761E2A514C830099BE23 /* Release */,
			);
			defaultConfigurationIsVisible = 0;
			defaultConfigurationName = Release;
		};
		5725761F2A514C830099BE23 /* Build configuration list for PBXNativeTarget "AppStore" */ = {
			isa = XCConfigurationList;
			buildConfigurations = (
				572576202A514C830099BE23 /* Debug */,
				572576212A514C830099BE23 /* Release */,
			);
			defaultConfigurationIsVisible = 0;
			defaultConfigurationName = Release;
		};
		5725766C2A52A25E0099BE23 /* Build configuration list for PBXNativeTarget "AppStoreTests" */ = {
			isa = XCConfigurationList;
			buildConfigurations = (
				5725766D2A52A25E0099BE23 /* Debug */,
				5725766E2A52A25E0099BE23 /* Release */,
			);
			defaultConfigurationIsVisible = 0;
			defaultConfigurationName = Release;
		};
/* End XCConfigurationList section */
	};
	rootObject = 572576032A514C820099BE23 /* Project object */;
}
